
Microsoft Visual Studio Solution File, Format Version 12.00
# Visual Studio Version 17
VisualStudioVersion = 17.11.35219.272
MinimumVisualStudioVersion = 10.0.40219.1
Project("{FAE04EC0-301F-11D3-BF4B-00C04F79EFBC}") = "FuriaTec_TelegramBot", "FuriaTec_TelegramBot\FuriaTec_TelegramBot.csproj", "{4F626B67-F2F1-42FA-B212-F00EF0ABE173}"
EndProject
Global
	GlobalSection(SolutionConfigurationPlatforms) = preSolution
		Debug|Any CPU = Debug|Any CPU
		Release|Any CPU = Release|Any CPU
	EndGlobalSection
	GlobalSection(ProjectConfigurationPlatforms) = postSolution
		{4F626B67-F2F1-42FA-B212-F00EF0ABE173}.Debug|Any CPU.ActiveCfg = Debug|Any CPU
		{4F626B67-F2F1-42FA-B212-F00EF0ABE173}.Debug|Any CPU.Build.0 = Debug|Any CPU
		{4F626B67-F2F1-42FA-B212-F00EF0ABE173}.Release|Any CPU.ActiveCfg = Release|Any CPU
		{4F626B67-F2F1-42FA-B212-F00EF0ABE173}.Release|Any CPU.Build.0 = Release|Any CPU
	EndGlobalSection
	GlobalSection(SolutionProperties) = preSolution
		HideSolutionNode = FALSE
	EndGlobalSection
	GlobalSection(ExtensibilityGlobals) = postSolution
		SolutionGuid = {80EE459F-6CCA-4B14-9B2F-433DC97EF99C}
	EndGlobalSection
EndGlobal
